{
  "name": "BlogApp",
  "requires": true,
  "lockfileVersion": 1,
  "dependencies": {
    "bootstrap": {
      "version": "5.2.0",
      "resolved": "https://registry.npmjs.org/bootstrap/-/bootstrap-5.2.0.tgz",
      "integrity": "sha512-qlnS9GL6YZE6Wnef46GxGv1UpGGzAwO0aPL1yOjzDIJpeApeMvqV24iL+pjr2kU4dduoBA9fINKWKgMToobx9A==",
      "dev": true
    },
    "can-use-dom": {
      "version": "0.1.0",
      "resolved": "https://registry.npmjs.org/can-use-dom/-/can-use-dom-0.1.0.tgz",
      "integrity": "sha512-ceOhN1DL7Y4O6M0j9ICgmTYziV89WMd96SvSl0REd8PMgrY0B/WBOPoed5S1KUmJqXgUXh8gzSe6E3ae27upsQ==",
      "dev": true
    },
    "core-js": {
      "version": "3.25.0",
      "resolved": "https://registry.npmjs.org/core-js/-/core-js-3.25.0.tgz",
      "integrity": "sha512-CVU1xvJEfJGhyCpBrzzzU1kjCfgsGUxhEvwUV2e/cOedYWHdmluamx+knDnmhqALddMG16fZvIqvs9aijsHHaA==",
      "dev": true
    },
    "dom-factory": {
      "version": "1.0.0",
      "resolved": "https://registry.npmjs.org/dom-factory/-/dom-factory-1.0.0.tgz",
      "integrity": "sha512-casgtVd9cHNOWfKc7At8HmvaybGpy6YEt8DQypBeRmlrrCHmaZ2texI8nYDgZPsNON1s6KS90oJwnSLkSTrZdg==",
      "dev": true
    },
    "jquery": {
      "version": "3.6.1",
      "resolved": "https://registry.npmjs.org/jquery/-/jquery-3.6.1.tgz",
      "integrity": "sha512-opJeO4nCucVnsjiXOE+/PcCgYw9Gwpvs/a6B1LL/lQhwWwpbVEVYDZ1FokFr8PRc7ghYlrFPuyHuiiDNTQxmcw==",
      "dev": true
    },
    "lodash.debounce": {
      "version": "4.0.8",
      "resolved": "https://registry.npmjs.org/lodash.debounce/-/lodash.debounce-4.0.8.tgz",
      "integrity": "sha512-FT1yDzDYEoYWhnSGnpE/4Kj1fLZkDFyqRb7fNt6FdYOSxlUWAtp42Eh6Wb0rGIv/m9Bgo7x4GhQbm5Ys4SG5ow==",
      "dev": true
    },
    "lodash.memoize": {
      "version": "4.1.2",
      "resolved": "https://registry.npmjs.org/lodash.memoize/-/lodash.memoize-4.1.2.tgz",
      "integrity": "sha512-t7j+NzmgnQzTAYXcsHYLgimltOV1MXHtlOWf6GjL9Kj8GK5FInw5JotxvbOs+IvV1/Dzo04/fCGfLVs7aXb4Ag==",
      "dev": true
    },
    "lodash.throttle": {
      "version": "4.1.1",
      "resolved": "https://registry.npmjs.org/lodash.throttle/-/lodash.throttle-4.1.1.tgz",
      "integrity": "sha512-wIkUCfVKpVsWo3JSZlc+8MB5it+2AN5W8J7YVMST30UrvcQNZ1Okbj+rbVniijTWE6FGYy4XJq/rHkas8qJMLQ==",
      "dev": true
    },
    "material-design-icons-iconfont": {
      "version": "3.0.3",
      "resolved": "https://registry.npmjs.org/material-design-icons-iconfont/-/material-design-icons-iconfont-3.0.3.tgz",
      "integrity": "sha512-wbvGpfJGLDuL0bj9pFd4sjXvGqukKraViSFRVDLk97s/GrKs/rGv9Eo2286jkxfFqkYXczyJrglUZlbyfFVOFw==",
      "dev": true
    },
    "material-design-kit": {
      "version": "1.0.3",
      "resolved": "https://registry.npmjs.org/material-design-kit/-/material-design-kit-1.0.3.tgz",
      "integrity": "sha512-/Xjt4mdjlQDQSAKbf7nGTRp6dtdjZfX/uWKb4BOC6TDfaNQ0uLVzLHaTyGE5BSTFOoJa7MV6Hfy7Huq7N9AMAw==",
      "dev": true,
      "requires": {
        "dom-factory": "^1.0.2-beta.3"
      },
      "dependencies": {
        "dom-factory": {
          "version": "1.1.0",
          "resolved": "https://registry.npmjs.org/dom-factory/-/dom-factory-1.1.0.tgz",
          "integrity": "sha512-rrkHpuaf1U7X0maH78IASDk/PCw5j4WxnjAX3zRkE6iPQCLiDKiRCQVlzVk0tsVqtiRUgkuMf9ebLeSMoMlgLQ==",
          "dev": true,
          "requires": {
            "core-js": "^3.6.5"
          }
        }
      }
    },
    "popper.js": {
      "version": "1.16.1",
      "resolved": "https://registry.npmjs.org/popper.js/-/popper.js-1.16.1.tgz",
      "integrity": "sha512-Wb4p1J4zyFTbM+u6WuO4XstYx4Ky9Cewe4DWrel7B0w6VVICvPwdOpotjzcf6eD8TsckVnIMNONQyPIUFOUbCQ==",
      "dev": true
    },
    "resize-observer-polyfill": {
      "version": "1.5.1",
      "resolved": "https://registry.npmjs.org/resize-observer-polyfill/-/resize-observer-polyfill-1.5.1.tgz",
      "integrity": "sha512-LwZrotdHOo12nQuZlHEmtuXdqGoOD0OhaxopaNFxWzInpEgaLWoVuAMbTzixuosCx2nEG58ngzW3vxdWoxIgdg==",
      "dev": true
    },
    "scrollbarwidth": {
      "version": "0.1.3",
      "resolved": "https://registry.npmjs.org/scrollbarwidth/-/scrollbarwidth-0.1.3.tgz",
      "integrity": "sha512-edjn9izGjWKgnZo7A3OFsAI6otfGWp/0JLrIhe7vE/CbHZF6rwsHARwxXek0sd7ZoJxHKPl+OEA6jbqJiQQGtw==",
      "dev": true
    },
    "sidebar-style-guide": {
      "version": "2.0.0",
      "resolved": "https://registry.npmjs.org/sidebar-style-guide/-/sidebar-style-guide-2.0.0.tgz",
      "integrity": "sha512-pf/6GgMwy/CQRvCGua7SI85fWLKVA9cSj8LHN23FLi3valetevEX36tZG81jhB23WLCmaUhf4RaLwb46XP9+tw==",
      "dev": true
    },
    "simplebar": {
      "version": "3.1.5",
      "resolved": "https://registry.npmjs.org/simplebar/-/simplebar-3.1.5.tgz",
      "integrity": "sha512-6hPEvcUEbgRWAyldqdd5yd1OcrnxelopEOKwMwOafLc0/Kc3Um2x1US8t+feUAA5ae+lTbrQwcGJvMH+9A23FA==",
      "dev": true,
      "requires": {
        "can-use-dom": "^0.1.0",
        "core-js": "^2.6.2",
        "lodash.debounce": "^4.0.8",
        "lodash.memoize": "^4.1.2",
        "lodash.throttle": "^4.1.1",
        "resize-observer-polyfill": "^1.5.0",
        "scrollbarwidth": "^0.1.3"
      },
      "dependencies": {
        "core-js": {
          "version": "2.6.12",
          "resolved": "https://registry.npmjs.org/core-js/-/core-js-2.6.12.tgz",
          "integrity": "sha512-Kb2wC0fvsWfQrgk8HU5lW6U/Lcs8+9aaYcy4ZFc6DDlo4nZ7n70dEgE5rtR0oG6ufKDUnrwfWL1mXR5ljDatrQ==",
          "dev": true
        }
      }
    }
  }
}
